
Microsoft Visual Studio Solution File, Format Version 12.00
# Visual Studio 15
Project("{FAE04EC0-301F-11D3-BF4B-00C04F79EFBC}") = "MvxPopupNavigation", "MvxPopupNavigation\MvxPopupNavigation.csproj", "{DB545EA2-3073-4C17-B52F-52B869B79BB9}"
EndProject
Global
	GlobalSection(SolutionConfigurationPlatforms) = preSolution
		Debug|Any CPU = Debug|Any CPU
		Release|Any CPU = Release|Any CPU
	EndGlobalSection
	GlobalSection(ProjectConfigurationPlatforms) = postSolution
		{DB545EA2-3073-4C17-B52F-52B869B79BB9}.Debug|Any CPU.ActiveCfg = Debug|Any CPU
		{DB545EA2-3073-4C17-B52F-52B869B79BB9}.Debug|Any CPU.Build.0 = Debug|Any CPU
		{DB545EA2-3073-4C17-B52F-52B869B79BB9}.Release|Any CPU.ActiveCfg = Release|Any CPU
		{DB545EA2-3073-4C17-B52F-52B869B79BB9}.Release|Any CPU.Build.0 = Release|Any CPU
	EndGlobalSection
EndGlobal
